<?xml version="1.0" encoding="utf-8"?>
<Project ToolsVersion="4.0" xmlns="http://schemas.microsoft.com/developer/msbuild/2003">
  <ItemGroup>
    <Filter Include="GameEngine">
      <UniqueIdentifier>{461fdaae-0f93-49f1-bc29-bc20a821ed7c}</UniqueIdentifier>
    </Filter>
    <Filter Include="App">
      <UniqueIdentifier>{f9521175-f7bc-485f-8a1b-bfa4943f6539}</UniqueIdentifier>
    </Filter>
    <Filter Include="GameEngine\GraphicsEngine">
      <UniqueIdentifier>{21415c29-32ab-47b3-a182-583f60254342}</UniqueIdentifier>
    </Filter>
    <Filter Include="GameEngine\WindowingSystem">
      <UniqueIdentifier>{dce70e5d-6f29-4880-91b0-815368f7ec51}</UniqueIdentifier>
    </Filter>
    <Filter Include="GameEngine\GraphicsEngine\SwapChain">
      <UniqueIdentifier>{7728c5b6-df8d-4ce5-9f19-b5b2c44129c2}</UniqueIdentifier>
    </Filter>
  </ItemGroup>
  <ItemGroup>
    <ClCompile Include="Game\CameraEntity.cpp" />
    <ClCompile Include="Game\Display.cpp" />
    <ClCompile Include="Game\Entity.cpp" />
    <ClCompile Include="Game\Game.cpp" />
    <ClCompile Include="Game\LightEntity.cpp" />
    <ClCompile Include="Game\MeshEntity.cpp" />
    <ClCompile Include="Graphics\ConstantBuffer.cpp" />
    <ClCompile Include="Graphics\GraphicsEngine.cpp" />
    <ClCompile Include="Graphics\IndexBuffer.cpp" />
    <ClCompile Include="Graphics\Shader.cpp" />
    <ClCompile Include="Graphics\SwapChain.cpp" />
    <ClCompile Include="Graphics\Texture2D.cpp" />
    <ClCompile Include="Graphics\VertexBuffer.cpp" />
    <ClCompile Include="Input\InputManager.cpp" />
    <ClCompile Include="Resource\Material.cpp" />
    <ClCompile Include="Resource\Mesh.cpp" />
    <ClCompile Include="Resource\Resource.cpp" />
    <ClCompile Include="Resource\ResourceManager.cpp" />
    <ClCompile Include="Resource\Texture.cpp" />
    <ClCompile Include="Window\Window.cpp" />
  </ItemGroup>
  <ItemGroup>
    <ClInclude Include="All.h" />
    <ClInclude Include="Prerequisites.h" />
    <ClInclude Include="Game\CameraEntity.h" />
    <ClInclude Include="Game\Display.h" />
    <ClInclude Include="Game\Entity.h" />
    <ClInclude Include="Game\Game.h" />
    <ClInclude Include="Game\LightEntity.h" />
    <ClInclude Include="Game\MeshEntity.h" />
    <ClInclude Include="Graphics\ConstantBuffer.h" />
    <ClInclude Include="Graphics\GraphicsEngine.h" />
    <ClInclude Include="Graphics\IndexBuffer.h" />
    <ClInclude Include="Graphics\Shader.h" />
    <ClInclude Include="Graphics\SwapChain.h" />
    <ClInclude Include="Graphics\Texture2D.h" />
    <ClInclude Include="Graphics\VertexBuffer.h" />
    <ClInclude Include="Input\InputManager.h" />
    <ClInclude Include="Math\Mat4.h" />
    <ClInclude Include="Math\Rect.h" />
    <ClInclude Include="Math\Vec2.h" />
    <ClInclude Include="Math\Vec3.h" />
    <ClInclude Include="Math\Vec4.h" />
    <ClInclude Include="Math\VertexMesh.h" />
    <ClInclude Include="Resource\Material.h" />
    <ClInclude Include="Resource\Mesh.h" />
    <ClInclude Include="Resource\Resource.h" />
    <ClInclude Include="Resource\ResourceManager.h" />
    <ClInclude Include="Resource\Texture.h" />
    <ClInclude Include="Window\Window.h" />
  </ItemGroup>
</Project>