<?xml version="1.0" encoding="utf-8"?>
<Project ToolsVersion="4.0" xmlns="http://schemas.microsoft.com/developer/msbuild/2003">
  <ItemGroup>
    <Filter Include="GameEngine">
      <UniqueIdentifier>{461fdaae-0f93-49f1-bc29-bc20a821ed7c}</UniqueIdentifier>
    </Filter>
    <Filter Include="App">
      <UniqueIdentifier>{f9521175-f7bc-485f-8a1b-bfa4943f6539}</UniqueIdentifier>
    </Filter>
    <Filter Include="GameEngine\GraphicsEngine">
      <UniqueIdentifier>{21415c29-32ab-47b3-a182-583f60254342}</UniqueIdentifier>
    </Filter>
    <Filter Include="GameEngine\WindowingSystem">
      <UniqueIdentifier>{dce70e5d-6f29-4880-91b0-815368f7ec51}</UniqueIdentifier>
    </Filter>
    <Filter Include="GameEngine\GraphicsEngine\SwapChain">
      <UniqueIdentifier>{7728c5b6-df8d-4ce5-9f19-b5b2c44129c2}</UniqueIdentifier>
    </Filter>
  </ItemGroup>
  <ItemGroup>
    <ClCompile Include="Game\CXCameraEntity.cpp" />
    <ClCompile Include="Game\CXDisplay.cpp" />
    <ClCompile Include="Game\CXEntity.cpp" />
    <ClCompile Include="Game\CXGame.cpp" />
    <ClCompile Include="Game\CXLightEntity.cpp" />
    <ClCompile Include="Game\CXMeshEntity.cpp" />
    <ClCompile Include="Graphics\CXConstantBuffer.cpp" />
    <ClCompile Include="Graphics\CXGraphicsEngine.cpp" />
    <ClCompile Include="Graphics\CXIndexBuffer.cpp" />
    <ClCompile Include="Graphics\CXShader.cpp" />
    <ClCompile Include="Graphics\CXSwapChain.cpp" />
    <ClCompile Include="Graphics\CXTexture2D.cpp" />
    <ClCompile Include="Graphics\CXVertexBuffer.cpp" />
    <ClCompile Include="Input\CXInputManager.cpp" />
    <ClCompile Include="Resource\CXMaterial.cpp" />
    <ClCompile Include="Resource\CXMesh.cpp" />
    <ClCompile Include="Resource\CXResource.cpp" />
    <ClCompile Include="Resource\CXResourceManager.cpp" />
    <ClCompile Include="Resource\CXTexture.cpp" />
    <ClCompile Include="Window\CXWindow.cpp" />
  </ItemGroup>
  <ItemGroup>
    <ClInclude Include="All.h" />
    <ClInclude Include="CXPrerequisites.h" />
    <ClInclude Include="Game\CXCameraEntity.h" />
    <ClInclude Include="Game\CXDisplay.h" />
    <ClInclude Include="Game\CXEntity.h" />
    <ClInclude Include="Game\CXGame.h" />
    <ClInclude Include="Game\CXLightEntity.h" />
    <ClInclude Include="Game\CXMeshEntity.h" />
    <ClInclude Include="Graphics\CXConstantBuffer.h" />
    <ClInclude Include="Graphics\CXGraphicsEngine.h" />
    <ClInclude Include="Graphics\CXIndexBuffer.h" />
    <ClInclude Include="Graphics\CXShader.h" />
    <ClInclude Include="Graphics\CXSwapChain.h" />
    <ClInclude Include="Graphics\CXTexture2D.h" />
    <ClInclude Include="Graphics\CXVertexBuffer.h" />
    <ClInclude Include="Input\CXInputManager.h" />
    <ClInclude Include="Math\CXMat4.h" />
    <ClInclude Include="Math\CXRect.h" />
    <ClInclude Include="Math\CXVec2.h" />
    <ClInclude Include="Math\CXVec3.h" />
    <ClInclude Include="Math\CXVec4.h" />
    <ClInclude Include="Math\CXVertexMesh.h" />
    <ClInclude Include="Resource\CXMaterial.h" />
    <ClInclude Include="Resource\CXMesh.h" />
    <ClInclude Include="Resource\CXResource.h" />
    <ClInclude Include="Resource\CXResourceManager.h" />
    <ClInclude Include="Resource\CXTexture.h" />
    <ClInclude Include="Window\CXWindow.h" />
  </ItemGroup>
</Project>